
Microsoft Visual Studio Solution File, Format Version 12.00
# Visual Studio Version 17
VisualStudioVersion = 17.10.35122.118
MinimumVisualStudioVersion = 10.0.40219.1
Project("{FAE04EC0-301F-11D3-BF4B-00C04F79EFBC}") = "RecipesSharing.API", "RecipesSharing.API\RecipesSharing.API.csproj", "{C8281562-1144-4675-AE25-E70173E8A40A}"
EndProject
Project("{FAE04EC0-301F-11D3-BF4B-00C04F79EFBC}") = "RecipesSharing.Domain", "RecipesSharing.Domain\RecipesSharing.Domain.csproj", "{27B40EC2-AFBF-4B5F-BFE3-51F5DE2B2D79}"
EndProject
Project("{FAE04EC0-301F-11D3-BF4B-00C04F79EFBC}") = "RecipesSharing.Infrastructure", "RecipesSharing.Infrastructure\RecipesSharing.Infrastructure.csproj", "{E7A0AE53-6A0F-4440-8719-8C62FD8E5729}"
EndProject
Global
	GlobalSection(SolutionConfigurationPlatforms) = preSolution
		Debug|Any CPU = Debug|Any CPU
		Release|Any CPU = Release|Any CPU
	EndGlobalSection
	GlobalSection(ProjectConfigurationPlatforms) = postSolution
		{C8281562-1144-4675-AE25-E70173E8A40A}.Debug|Any CPU.ActiveCfg = Debug|Any CPU
		{C8281562-1144-4675-AE25-E70173E8A40A}.Debug|Any CPU.Build.0 = Debug|Any CPU
		{C8281562-1144-4675-AE25-E70173E8A40A}.Release|Any CPU.ActiveCfg = Release|Any CPU
		{C8281562-1144-4675-AE25-E70173E8A40A}.Release|Any CPU.Build.0 = Release|Any CPU
		{27B40EC2-AFBF-4B5F-BFE3-51F5DE2B2D79}.Debug|Any CPU.ActiveCfg = Debug|Any CPU
		{27B40EC2-AFBF-4B5F-BFE3-51F5DE2B2D79}.Debug|Any CPU.Build.0 = Debug|Any CPU
		{27B40EC2-AFBF-4B5F-BFE3-51F5DE2B2D79}.Release|Any CPU.ActiveCfg = Release|Any CPU
		{27B40EC2-AFBF-4B5F-BFE3-51F5DE2B2D79}.Release|Any CPU.Build.0 = Release|Any CPU
		{E7A0AE53-6A0F-4440-8719-8C62FD8E5729}.Debug|Any CPU.ActiveCfg = Debug|Any CPU
		{E7A0AE53-6A0F-4440-8719-8C62FD8E5729}.Debug|Any CPU.Build.0 = Debug|Any CPU
		{E7A0AE53-6A0F-4440-8719-8C62FD8E5729}.Release|Any CPU.ActiveCfg = Release|Any CPU
		{E7A0AE53-6A0F-4440-8719-8C62FD8E5729}.Release|Any CPU.Build.0 = Release|Any CPU
	EndGlobalSection
	GlobalSection(SolutionProperties) = preSolution
		HideSolutionNode = FALSE
	EndGlobalSection
	GlobalSection(ExtensibilityGlobals) = postSolution
		SolutionGuid = {362D15ED-FFFA-4B7C-864E-A1984AE451F0}
	EndGlobalSection
EndGlobal
